
Microsoft Visual Studio Solution File, Format Version 12.00
# Visual Studio Version 16
VisualStudioVersion = 16.0.30907.101
MinimumVisualStudioVersion = 10.0.40219.1
Project("{FAE04EC0-301F-11D3-BF4B-00C04F79EFBC}") = "OvningNr4", "OvningNr4\OvningNr4.csproj", "{F6C06DB9-7ACA-42D0-B872-CA999B4176D5}"
EndProject
Global
	GlobalSection(SolutionConfigurationPlatforms) = preSolution
		Debug|Any CPU = Debug|Any CPU
		Release|Any CPU = Release|Any CPU
	EndGlobalSection
	GlobalSection(ProjectConfigurationPlatforms) = postSolution
		{F6C06DB9-7ACA-42D0-B872-CA999B4176D5}.Debug|Any CPU.ActiveCfg = Debug|Any CPU
		{F6C06DB9-7ACA-42D0-B872-CA999B4176D5}.Debug|Any CPU.Build.0 = Debug|Any CPU
		{F6C06DB9-7ACA-42D0-B872-CA999B4176D5}.Release|Any CPU.ActiveCfg = Release|Any CPU
		{F6C06DB9-7ACA-42D0-B872-CA999B4176D5}.Release|Any CPU.Build.0 = Release|Any CPU
	EndGlobalSection
	GlobalSection(SolutionProperties) = preSolution
		HideSolutionNode = FALSE
	EndGlobalSection
	GlobalSection(ExtensibilityGlobals) = postSolution
		SolutionGuid = {5B56AC7B-D559-45B9-A38C-D6EEC343E938}
	EndGlobalSection
EndGlobal
